
Microsoft Visual Studio Solution File, Format Version 12.00
# Visual Studio Version 17
VisualStudioVersion = 17.3.32804.467
MinimumVisualStudioVersion = 10.0.40219.1
Project("{9A19103F-16F7-4668-BE54-9A1E7A4F7556}") = "Entities", "Entities\Entities.csproj", "{0C88794C-4232-48A4-B3DC-99131BA59DD9}"
EndProject
Project("{9A19103F-16F7-4668-BE54-9A1E7A4F7556}") = "Business", "Business\Business.csproj", "{F1491714-18B3-42DF-8F61-6FE109877C1C}"
EndProject
Project("{9A19103F-16F7-4668-BE54-9A1E7A4F7556}") = "DataAccess", "DataAccess\DataAccess.csproj", "{6627C3AC-4FCA-4C72-B689-7FA4CDF92AE8}"
EndProject
Project("{9A19103F-16F7-4668-BE54-9A1E7A4F7556}") = "ConsoleUI", "ConsoleUI\ConsoleUI.csproj", "{AAC3B5C1-D25E-4BDC-87AD-BD1CFD4DEA00}"
EndProject
Global
	GlobalSection(SolutionConfigurationPlatforms) = preSolution
		Debug|Any CPU = Debug|Any CPU
		Release|Any CPU = Release|Any CPU
	EndGlobalSection
	GlobalSection(ProjectConfigurationPlatforms) = postSolution
		{0C88794C-4232-48A4-B3DC-99131BA59DD9}.Debug|Any CPU.ActiveCfg = Debug|Any CPU
		{0C88794C-4232-48A4-B3DC-99131BA59DD9}.Debug|Any CPU.Build.0 = Debug|Any CPU
		{0C88794C-4232-48A4-B3DC-99131BA59DD9}.Release|Any CPU.ActiveCfg = Release|Any CPU
		{0C88794C-4232-48A4-B3DC-99131BA59DD9}.Release|Any CPU.Build.0 = Release|Any CPU
		{F1491714-18B3-42DF-8F61-6FE109877C1C}.Debug|Any CPU.ActiveCfg = Debug|Any CPU
		{F1491714-18B3-42DF-8F61-6FE109877C1C}.Debug|Any CPU.Build.0 = Debug|Any CPU
		{F1491714-18B3-42DF-8F61-6FE109877C1C}.Release|Any CPU.ActiveCfg = Release|Any CPU
		{F1491714-18B3-42DF-8F61-6FE109877C1C}.Release|Any CPU.Build.0 = Release|Any CPU
		{6627C3AC-4FCA-4C72-B689-7FA4CDF92AE8}.Debug|Any CPU.ActiveCfg = Debug|Any CPU
		{6627C3AC-4FCA-4C72-B689-7FA4CDF92AE8}.Debug|Any CPU.Build.0 = Debug|Any CPU
		{6627C3AC-4FCA-4C72-B689-7FA4CDF92AE8}.Release|Any CPU.ActiveCfg = Release|Any CPU
		{6627C3AC-4FCA-4C72-B689-7FA4CDF92AE8}.Release|Any CPU.Build.0 = Release|Any CPU
		{AAC3B5C1-D25E-4BDC-87AD-BD1CFD4DEA00}.Debug|Any CPU.ActiveCfg = Debug|Any CPU
		{AAC3B5C1-D25E-4BDC-87AD-BD1CFD4DEA00}.Debug|Any CPU.Build.0 = Debug|Any CPU
		{AAC3B5C1-D25E-4BDC-87AD-BD1CFD4DEA00}.Release|Any CPU.ActiveCfg = Release|Any CPU
		{AAC3B5C1-D25E-4BDC-87AD-BD1CFD4DEA00}.Release|Any CPU.Build.0 = Release|Any CPU
	EndGlobalSection
	GlobalSection(SolutionProperties) = preSolution
		HideSolutionNode = FALSE
	EndGlobalSection
	GlobalSection(ExtensibilityGlobals) = postSolution
		SolutionGuid = {8B12C9D1-4985-4B73-879C-07B79115F729}
	EndGlobalSection
EndGlobal
